
Microsoft Visual Studio Solution File, Format Version 12.00
# Visual Studio 15
VisualStudioVersion = 15.0.27004.2002
MinimumVisualStudioVersion = 10.0.40219.1
Project("{FAE04EC0-301F-11D3-BF4B-00C04F79EFBC}") = "GenesysGMeratorUI", "GenesysGMeratorUI\GenesysGMeratorUI.csproj", "{123B5AC3-4138-4D12-8C7F-7C93FE6A0D72}"
EndProject
Project("{FAE04EC0-301F-11D3-BF4B-00C04F79EFBC}") = "GenesysGMerator", "GenesysGMerator\GenesysGMerator.csproj", "{934AA28B-65EF-4C7B-BCD5-10CB01A2993A}"
EndProject
Project("{FAE04EC0-301F-11D3-BF4B-00C04F79EFBC}") = "BuildDomainData", "BuildDomainData\BuildDomainData.csproj", "{9ED248B9-EED6-4C0A-AC99-2D6A58A1518B}"
EndProject
Global
	GlobalSection(SolutionConfigurationPlatforms) = preSolution
		Debug|Any CPU = Debug|Any CPU
		Release|Any CPU = Release|Any CPU
	EndGlobalSection
	GlobalSection(ProjectConfigurationPlatforms) = postSolution
		{123B5AC3-4138-4D12-8C7F-7C93FE6A0D72}.Debug|Any CPU.ActiveCfg = Debug|Any CPU
		{123B5AC3-4138-4D12-8C7F-7C93FE6A0D72}.Debug|Any CPU.Build.0 = Debug|Any CPU
		{123B5AC3-4138-4D12-8C7F-7C93FE6A0D72}.Release|Any CPU.ActiveCfg = Release|Any CPU
		{123B5AC3-4138-4D12-8C7F-7C93FE6A0D72}.Release|Any CPU.Build.0 = Release|Any CPU
		{934AA28B-65EF-4C7B-BCD5-10CB01A2993A}.Debug|Any CPU.ActiveCfg = Debug|Any CPU
		{934AA28B-65EF-4C7B-BCD5-10CB01A2993A}.Debug|Any CPU.Build.0 = Debug|Any CPU
		{934AA28B-65EF-4C7B-BCD5-10CB01A2993A}.Release|Any CPU.ActiveCfg = Release|Any CPU
		{934AA28B-65EF-4C7B-BCD5-10CB01A2993A}.Release|Any CPU.Build.0 = Release|Any CPU
		{9ED248B9-EED6-4C0A-AC99-2D6A58A1518B}.Debug|Any CPU.ActiveCfg = Debug|Any CPU
		{9ED248B9-EED6-4C0A-AC99-2D6A58A1518B}.Debug|Any CPU.Build.0 = Debug|Any CPU
		{9ED248B9-EED6-4C0A-AC99-2D6A58A1518B}.Release|Any CPU.ActiveCfg = Release|Any CPU
		{9ED248B9-EED6-4C0A-AC99-2D6A58A1518B}.Release|Any CPU.Build.0 = Release|Any CPU
	EndGlobalSection
	GlobalSection(SolutionProperties) = preSolution
		HideSolutionNode = FALSE
	EndGlobalSection
	GlobalSection(ExtensibilityGlobals) = postSolution
		SolutionGuid = {4F9F91F4-786F-45DD-B56E-0A141541F21C}
	EndGlobalSection
EndGlobal
